
Microsoft Visual Studio Solution File, Format Version 12.00
# Visual Studio Version 16
VisualStudioVersion = 16.0.31624.102
MinimumVisualStudioVersion = 10.0.40219.1
Project("{FAE04EC0-301F-11D3-BF4B-00C04F79EFBC}") = "PruebaWebAPI", "PruebaWebAPI\PruebaWebAPI.csproj", "{4231325D-26CA-44A8-9699-1FE6268492FF}"
EndProject
Global
	GlobalSection(SolutionConfigurationPlatforms) = preSolution
		Debug|Any CPU = Debug|Any CPU
		Release|Any CPU = Release|Any CPU
	EndGlobalSection
	GlobalSection(ProjectConfigurationPlatforms) = postSolution
		{4231325D-26CA-44A8-9699-1FE6268492FF}.Debug|Any CPU.ActiveCfg = Debug|Any CPU
		{4231325D-26CA-44A8-9699-1FE6268492FF}.Debug|Any CPU.Build.0 = Debug|Any CPU
		{4231325D-26CA-44A8-9699-1FE6268492FF}.Release|Any CPU.ActiveCfg = Release|Any CPU
		{4231325D-26CA-44A8-9699-1FE6268492FF}.Release|Any CPU.Build.0 = Release|Any CPU
	EndGlobalSection
	GlobalSection(SolutionProperties) = preSolution
		HideSolutionNode = FALSE
	EndGlobalSection
	GlobalSection(ExtensibilityGlobals) = postSolution
		SolutionGuid = {FD4CA0DA-F724-4A33-AA16-723BDCD5616C}
	EndGlobalSection
EndGlobal
